// !$*UTF8*$!
{
	archiveVersion = 1;
	classes = {
	};
	objectVersion = 46;
	objects = {

/* Begin PBXBuildFile section */
		643A1D8319D2B80100510B89 /* Foundation.framework in Frameworks */ = {isa = PBXBuildFile; fileRef = 643A1D8219D2B80100510B89 /* Foundation.framework */; };
		643A1D8519D2B80100510B89 /* CoreGraphics.framework in Frameworks */ = {isa = PBXBuildFile; fileRef = 643A1D8419D2B80100510B89 /* CoreGraphics.framework */; };
		643A1D8719D2B80100510B89 /* UIKit.framework in Frameworks */ = {isa = PBXBuildFile; fileRef = 643A1D8619D2B80100510B89 /* UIKit.framework */; };
		643A1D8D19D2B80100510B89 /* InfoPlist.strings in Resources */ = {isa = PBXBuildFile; fileRef = 643A1D8B19D2B80100510B89 /* InfoPlist.strings */; };
		643A1D8F19D2B80100510B89 /* main.m in Sources */ = {isa = PBXBuildFile; fileRef = 643A1D8E19D2B80100510B89 /* main.m */; };
		643A1D9319D2B80100510B89 /* LZXAppDelegate.m in Sources */ = {isa = PBXBuildFile; fileRef = 643A1D9219D2B80100510B89 /* LZXAppDelegate.m */; };
		643A1D9519D2B80100510B89 /* Images.xcassets in Resources */ = {isa = PBXBuildFile; fileRef = 643A1D9419D2B80100510B89 /* Images.xcassets */; };
		643A1D9C19D2B80100510B89 /* XCTest.framework in Frameworks */ = {isa = PBXBuildFile; fileRef = 643A1D9B19D2B80100510B89 /* XCTest.framework */; };
		643A1D9D19D2B80100510B89 /* Foundation.framework in Frameworks */ = {isa = PBXBuildFile; fileRef = 643A1D8219D2B80100510B89 /* Foundation.framework */; };
		643A1D9E19D2B80100510B89 /* UIKit.framework in Frameworks */ = {isa = PBXBuildFile; fileRef = 643A1D8619D2B80100510B89 /* UIKit.framework */; };
		643A1DA619D2B80100510B89 /* InfoPlist.strings in Resources */ = {isa = PBXBuildFile; fileRef = 643A1DA419D2B80100510B89 /* InfoPlist.strings */; };
		643A1DA819D2B80100510B89 /* NSFetchedResultsControllerDemoTests.m in Sources */ = {isa = PBXBuildFile; fileRef = 643A1DA719D2B80100510B89 /* NSFetchedResultsControllerDemoTests.m */; };
		643A1DB319D2B98900510B89 /* RootViewController.m in Sources */ = {isa = PBXBuildFile; fileRef = 643A1DB219D2B98900510B89 /* RootViewController.m */; };
		643A1DB519D2B9C100510B89 /* CoreData.framework in Frameworks */ = {isa = PBXBuildFile; fileRef = 643A1DB419D2B9C100510B89 /* CoreData.framework */; };
		643A1DB819D2C05000510B89 /* Person.xcdatamodeld in Sources */ = {isa = PBXBuildFile; fileRef = 643A1DB619D2C05000510B89 /* Person.xcdatamodeld */; };
		643A1DBC19D3B37D00510B89 /* CoreDataManager.m in Sources */ = {isa = PBXBuildFile; fileRef = 643A1DBB19D3B37D00510B89 /* CoreDataManager.m */; };
		643A1DC019D3CAB200510B89 /* Person.m in Sources */ = {isa = PBXBuildFile; fileRef = 643A1DBF19D3CAB200510B89 /* Person.m */; };
		643A1DC219D401AF00510B89 /* RootViewController.xib in Resources */ = {isa = PBXBuildFile; fileRef = 643A1DC119D401AF00510B89 /* RootViewController.xib */; };
		6449D50219D4FB54001DAE5A /* ListTableViewController.m in Sources */ = {isa = PBXBuildFile; fileRef = 6449D50119D4FB54001DAE5A /* ListTableViewController.m */; };
/* End PBXBuildFile section */

/* Begin PBXContainerItemProxy section */
		643A1D9F19D2B80100510B89 /* PBXContainerItemProxy */ = {
			isa = PBXContainerItemProxy;
			containerPortal = 643A1D7719D2B80100510B89 /* Project object */;
			proxyType = 1;
			remoteGlobalIDString = 643A1D7E19D2B80100510B89;
			remoteInfo = NSFetchedResultsControllerDemo;
		};
/* End PBXContainerItemProxy section */

/* Begin PBXFileReference section */
		643A1D7F19D2B80100510B89 /* NSFetchedResultsControllerDemo.app */ = {isa = PBXFileReference; explicitFileType = wrapper.application; includeInIndex = 0; path = NSFetchedResultsControllerDemo.app; sourceTree = BUILT_PRODUCTS_DIR; };
		643A1D8219D2B80100510B89 /* Foundation.framework */ = {isa = PBXFileReference; lastKnownFileType = wrapper.framework; name = Foundation.framework; path = System/Library/Frameworks/Foundation.framework; sourceTree = SDKROOT; };
		643A1D8419D2B80100510B89 /* CoreGraphics.framework */ = {isa = PBXFileReference; lastKnownFileType = wrapper.framework; name = CoreGraphics.framework; path = System/Library/Frameworks/CoreGraphics.framework; sourceTree = SDKROOT; };
		643A1D8619D2B80100510B89 /* UIKit.framework */ = {isa = PBXFileReference; lastKnownFileType = wrapper.framework; name = UIKit.framework; path = System/Library/Frameworks/UIKit.framework; sourceTree = SDKROOT; };
		643A1D8A19D2B80100510B89 /* NSFetchedResultsControllerDemo-Info.plist */ = {isa = PBXFileReference; lastKnownFileType = text.plist.xml; path = "NSFetchedResultsControllerDemo-Info.plist"; sourceTree = "<group>"; };
		643A1D8C19D2B80100510B89 /* en */ = {isa = PBXFileReference; lastKnownFileType = text.plist.strings; name = en; path = en.lproj/InfoPlist.strings; sourceTree = "<group>"; };
		643A1D8E19D2B80100510B89 /* main.m */ = {isa = PBXFileReference; lastKnownFileType = sourcecode.c.objc; path = main.m; sourceTree = "<group>"; };
		643A1D9019D2B80100510B89 /* NSFetchedResultsControllerDemo-Prefix.pch */ = {isa = PBXFileReference; lastKnownFileType = sourcecode.c.h; path = "NSFetchedResultsControllerDemo-Prefix.pch"; sourceTree = "<group>"; };
		643A1D9119D2B80100510B89 /* LZXAppDelegate.h */ = {isa = PBXFileReference; lastKnownFileType = sourcecode.c.h; path = LZXAppDelegate.h; sourceTree = "<group>"; };
		643A1D9219D2B80100510B89 /* LZXAppDelegate.m */ = {isa = PBXFileReference; lastKnownFileType = sourcecode.c.objc; path = LZXAppDelegate.m; sourceTree = "<group>"; };
		643A1D9419D2B80100510B89 /* Images.xcassets */ = {isa = PBXFileReference; lastKnownFileType = folder.assetcatalog; path = Images.xcassets; sourceTree = "<group>"; };
		643A1D9A19D2B80100510B89 /* NSFetchedResultsControllerDemoTests.xctest */ = {isa = PBXFileReference; explicitFileType = wrapper.cfbundle; includeInIndex = 0; path = NSFetchedResultsControllerDemoTests.xctest; sourceTree = BUILT_PRODUCTS_DIR; };
		643A1D9B19D2B80100510B89 /* XCTest.framework */ = {isa = PBXFileReference; lastKnownFileType = wrapper.framework; name = XCTest.framework; path = Library/Frameworks/XCTest.framework; sourceTree = DEVELOPER_DIR; };
		643A1DA319D2B80100510B89 /* NSFetchedResultsControllerDemoTests-Info.plist */ = {isa = PBXFileReference; lastKnownFileType = text.plist.xml; path = "NSFetchedResultsControllerDemoTests-Info.plist"; sourceTree = "<group>"; };
		643A1DA519D2B80100510B89 /* en */ = {isa = PBXFileReference; lastKnownFileType = text.plist.strings; name = en; path = en.lproj/InfoPlist.strings; sourceTree = "<group>"; };
		643A1DA719D2B80100510B89 /* NSFetchedResultsControllerDemoTests.m */ = {isa = PBXFileReference; lastKnownFileType = sourcecode.c.objc; path = NSFetchedResultsControllerDemoTests.m; sourceTree = "<group>"; };
		643A1DB119D2B98900510B89 /* RootViewController.h */ = {isa = PBXFileReference; fileEncoding = 4; lastKnownFileType = sourcecode.c.h; path = RootViewController.h; sourceTree = "<group>"; };
		643A1DB219D2B98900510B89 /* RootViewController.m */ = {isa = PBXFileReference; fileEncoding = 4; lastKnownFileType = sourcecode.c.objc; path = RootViewController.m; sourceTree = "<group>"; };
		643A1DB419D2B9C100510B89 /* CoreData.framework */ = {isa = PBXFileReference; lastKnownFileType = wrapper.framework; name = CoreData.framework; path = System/Library/Frameworks/CoreData.framework; sourceTree = SDKROOT; };
		643A1DB719D2C05000510B89 /* Person.xcdatamodel */ = {isa = PBXFileReference; lastKnownFileType = wrapper.xcdatamodel; path = Person.xcdatamodel; sourceTree = "<group>"; };
		643A1DBA19D3B37D00510B89 /* CoreDataManager.h */ = {isa = PBXFileReference; fileEncoding = 4; lastKnownFileType = sourcecode.c.h; path = CoreDataManager.h; sourceTree = "<group>"; };
		643A1DBB19D3B37D00510B89 /* CoreDataManager.m */ = {isa = PBXFileReference; fileEncoding = 4; lastKnownFileType = sourcecode.c.objc; path = CoreDataManager.m; sourceTree = "<group>"; };
		643A1DBE19D3CAB200510B89 /* Person.h */ = {isa = PBXFileReference; fileEncoding = 4; lastKnownFileType = sourcecode.c.h; path = Person.h; sourceTree = "<group>"; };
		643A1DBF19D3CAB200510B89 /* Person.m */ = {isa = PBXFileReference; fileEncoding = 4; lastKnownFileType = sourcecode.c.objc; path = Person.m; sourceTree = "<group>"; };
		643A1DC119D401AF00510B89 /* RootViewController.xib */ = {isa = PBXFileReference; fileEncoding = 4; lastKnownFileType = file.xib; path = RootViewController.xib; sourceTree = "<group>"; };
		6449D50019D4FB54001DAE5A /* ListTableViewController.h */ = {isa = PBXFileReference; fileEncoding = 4; lastKnownFileType = sourcecode.c.h; path = ListTableViewController.h; sourceTree = "<group>"; };
		6449D50119D4FB54001DAE5A /* ListTableViewController.m */ = {isa = PBXFileReference; fileEncoding = 4; lastKnownFileType = sourcecode.c.objc; path = ListTableViewController.m; sourceTree = "<group>"; };
/* End PBXFileReference section */

/* Begin PBXFrameworksBuildPhase section */
		643A1D7C19D2B80100510B89 /* Frameworks */ = {
			isa = PBXFrameworksBuildPhase;
			buildActionMask = 2147483647;
			files = (
				643A1DB519D2B9C100510B89 /* CoreData.framework in Frameworks */,
				643A1D8519D2B80100510B89 /* CoreGraphics.framework in Frameworks */,
				643A1D8719D2B80100510B89 /* UIKit.framework in Frameworks */,
				643A1D8319D2B80100510B89 /* Foundation.framework in Frameworks */,
			);
			runOnlyForDeploymentPostprocessing = 0;
		};
		643A1D9719D2B80100510B89 /* Frameworks */ = {
			isa = PBXFrameworksBuildPhase;
			buildActionMask = 2147483647;
			files = (
				643A1D9C19D2B80100510B89 /* XCTest.framework in Frameworks */,
				643A1D9E19D2B80100510B89 /* UIKit.framework in Frameworks */,
				643A1D9D19D2B80100510B89 /* Foundation.framework in Frameworks */,
			);
			runOnlyForDeploymentPostprocessing = 0;
		};
/* End PBXFrameworksBuildPhase section */

/* Begin PBXGroup section */
		643A1D7619D2B80100510B89 = {
			isa = PBXGroup;
			children = (
				6449D4FF19D4FB02001DAE5A /* ViewController */,
				643A1DBD19D3CA9300510B89 /* Model */,
				643A1DB919D3B35800510B89 /* DataCenter */,
				643A1D8819D2B80100510B89 /* NSFetchedResultsControllerDemo */,
				643A1DA119D2B80100510B89 /* NSFetchedResultsControllerDemoTests */,
				643A1D8119D2B80100510B89 /* Frameworks */,
				643A1D8019D2B80100510B89 /* Products */,
			);
			sourceTree = "<group>";
		};
		643A1D8019D2B80100510B89 /* Products */ = {
			isa = PBXGroup;
			children = (
				643A1D7F19D2B80100510B89 /* NSFetchedResultsControllerDemo.app */,
				643A1D9A19D2B80100510B89 /* NSFetchedResultsControllerDemoTests.xctest */,
			);
			name = Products;
			sourceTree = "<group>";
		};
		643A1D8119D2B80100510B89 /* Frameworks */ = {
			isa = PBXGroup;
			children = (
				643A1DB419D2B9C100510B89 /* CoreData.framework */,
				643A1D8219D2B80100510B89 /* Foundation.framework */,
				643A1D8419D2B80100510B89 /* CoreGraphics.framework */,
				643A1D8619D2B80100510B89 /* UIKit.framework */,
				643A1D9B19D2B80100510B89 /* XCTest.framework */,
			);
			name = Frameworks;
			sourceTree = "<group>";
		};
		643A1D8819D2B80100510B89 /* NSFetchedResultsControllerDemo */ = {
			isa = PBXGroup;
			children = (
				643A1D9119D2B80100510B89 /* LZXAppDelegate.h */,
				643A1D9219D2B80100510B89 /* LZXAppDelegate.m */,
				643A1DB119D2B98900510B89 /* RootViewController.h */,
				643A1DB219D2B98900510B89 /* RootViewController.m */,
				643A1DC119D401AF00510B89 /* RootViewController.xib */,
				643A1DB619D2C05000510B89 /* Person.xcdatamodeld */,
				643A1D9419D2B80100510B89 /* Images.xcassets */,
				643A1D8919D2B80100510B89 /* Supporting Files */,
			);
			path = NSFetchedResultsControllerDemo;
			sourceTree = "<group>";
		};
		643A1D8919D2B80100510B89 /* Supporting Files */ = {
			isa = PBXGroup;
			children = (
				643A1D8A19D2B80100510B89 /* NSFetchedResultsControllerDemo-Info.plist */,
				643A1D8B19D2B80100510B89 /* InfoPlist.strings */,
				643A1D8E19D2B80100510B89 /* main.m */,
				643A1D9019D2B80100510B89 /* NSFetchedResultsControllerDemo-Prefix.pch */,
			);
			name = "Supporting Files";
			sourceTree = "<group>";
		};
		643A1DA119D2B80100510B89 /* NSFetchedResultsControllerDemoTests */ = {
			isa = PBXGroup;
			children = (
				643A1DA719D2B80100510B89 /* NSFetchedResultsControllerDemoTests.m */,
				643A1DA219D2B80100510B89 /* Supporting Files */,
			);
			path = NSFetchedResultsControllerDemoTests;
			sourceTree = "<group>";
		};
		643A1DA219D2B80100510B89 /* Supporting Files */ = {
			isa = PBXGroup;
			children = (
				643A1DA319D2B80100510B89 /* NSFetchedResultsControllerDemoTests-Info.plist */,
				643A1DA419D2B80100510B89 /* InfoPlist.strings */,
			);
			name = "Supporting Files";
			sourceTree = "<group>";
		};
		643A1DB919D3B35800510B89 /* DataCenter */ = {
			isa = PBXGroup;
			children = (
				643A1DBA19D3B37D00510B89 /* CoreDataManager.h */,
				643A1DBB19D3B37D00510B89 /* CoreDataManager.m */,
			);
			name = DataCenter;
			sourceTree = "<group>";
		};
		643A1DBD19D3CA9300510B89 /* Model */ = {
			isa = PBXGroup;
			children = (
				643A1DBE19D3CAB200510B89 /* Person.h */,
				643A1DBF19D3CAB200510B89 /* Person.m */,
			);
			name = Model;
			sourceTree = "<group>";
		};
		6449D4FF19D4FB02001DAE5A /* ViewController */ = {
			isa = PBXGroup;
			children = (
				6449D50019D4FB54001DAE5A /* ListTableViewController.h */,
				6449D50119D4FB54001DAE5A /* ListTableViewController.m */,
			);
			name = ViewController;
			sourceTree = "<group>";
		};
/* End PBXGroup section */

/* Begin PBXNativeTarget section */
		643A1D7E19D2B80100510B89 /* NSFetchedResultsControllerDemo */ = {
			isa = PBXNativeTarget;
			buildConfigurationList = 643A1DAB19D2B80100510B89 /* Build configuration list for PBXNativeTarget "NSFetchedResultsControllerDemo" */;
			buildPhases = (
				643A1D7B19D2B80100510B89 /* Sources */,
				643A1D7C19D2B80100510B89 /* Frameworks */,
				643A1D7D19D2B80100510B89 /* Resources */,
			);
			buildRules = (
			);
			dependencies = (
			);
			name = NSFetchedResultsControllerDemo;
			productName = NSFetchedResultsControllerDemo;
			productReference = 643A1D7F19D2B80100510B89 /* NSFetchedResultsControllerDemo.app */;
			productType = "com.apple.product-type.application";
		};
		643A1D9919D2B80100510B89 /* NSFetchedResultsControllerDemoTests */ = {
			isa = PBXNativeTarget;
			buildConfigurationList = 643A1DAE19D2B80100510B89 /* Build configuration list for PBXNativeTarget "NSFetchedResultsControllerDemoTests" */;
			buildPhases = (
				643A1D9619D2B80100510B89 /* Sources */,
				643A1D9719D2B80100510B89 /* Frameworks */,
				643A1D9819D2B80100510B89 /* Resources */,
			);
			buildRules = (
			);
			dependencies = (
				643A1DA019D2B80100510B89 /* PBXTargetDependency */,
			);
			name = NSFetchedResultsControllerDemoTests;
			productName = NSFetchedResultsControllerDemoTests;
			productReference = 643A1D9A19D2B80100510B89 /* NSFetchedResultsControllerDemoTests.xctest */;
			productType = "com.apple.product-type.bundle.unit-test";
		};
/* End PBXNativeTarget section */

/* Begin PBXProject section */
		643A1D7719D2B80100510B89 /* Project object */ = {
			isa = PBXProject;
			attributes = {
				CLASSPREFIX = LZX;
				LastUpgradeCheck = 0510;
				ORGANIZATIONNAME = LZXuan;
				TargetAttributes = {
					643A1D9919D2B80100510B89 = {
						TestTargetID = 643A1D7E19D2B80100510B89;
					};
				};
			};
			buildConfigurationList = 643A1D7A19D2B80100510B89 /* Build configuration list for PBXProject "NSFetchedResultsControllerDemo" */;
			compatibilityVersion = "Xcode 3.2";
			developmentRegion = English;
			hasScannedForEncodings = 0;
			knownRegions = (
				en,
			);
			mainGroup = 643A1D7619D2B80100510B89;
			productRefGroup = 643A1D8019D2B80100510B89 /* Products */;
			projectDirPath = "";
			projectRoot = "";
			targets = (
				643A1D7E19D2B80100510B89 /* NSFetchedResultsControllerDemo */,
				643A1D9919D2B80100510B89 /* NSFetchedResultsControllerDemoTests */,
			);
		};
/* End PBXProject section */

/* Begin PBXResourcesBuildPhase section */
		643A1D7D19D2B80100510B89 /* Resources */ = {
			isa = PBXResourcesBuildPhase;
			buildActionMask = 2147483647;
			files = (
				643A1D8D19D2B80100510B89 /* InfoPlist.strings in Resources */,
				643A1D9519D2B80100510B89 /* Images.xcassets in Resources */,
				643A1DC219D401AF00510B89 /* RootViewController.xib in Resources */,
			);
			runOnlyForDeploymentPostprocessing = 0;
		};
		643A1D9819D2B80100510B89 /* Resources */ = {
			isa = PBXResourcesBuildPhase;
			buildActionMask = 2147483647;
			files = (
				643A1DA619D2B80100510B89 /* InfoPlist.strings in Resources */,
			);
			runOnlyForDeploymentPostprocessing = 0;
		};
/* End PBXResourcesBuildPhase section */

/* Begin PBXSourcesBuildPhase section */
		643A1D7B19D2B80100510B89 /* Sources */ = {
			isa = PBXSourcesBuildPhase;
			buildActionMask = 2147483647;
			files = (
				643A1DC019D3CAB200510B89 /* Person.m in Sources */,
				643A1D8F19D2B80100510B89 /* main.m in Sources */,
				643A1D9319D2B80100510B89 /* LZXAppDelegate.m in Sources */,
				6449D50219D4FB54001DAE5A /* ListTableViewController.m in Sources */,
				643A1DBC19D3B37D00510B89 /* CoreDataManager.m in Sources */,
				643A1DB819D2C05000510B89 /* Person.xcdatamodeld in Sources */,
				643A1DB319D2B98900510B89 /* RootViewController.m in Sources */,
			);
			runOnlyForDeploymentPostprocessing = 0;
		};
		643A1D9619D2B80100510B89 /* Sources */ = {
			isa = PBXSourcesBuildPhase;
			buildActionMask = 2147483647;
			files = (
				643A1DA819D2B80100510B89 /* NSFetchedResultsControllerDemoTests.m in Sources */,
			);
			runOnlyForDeploymentPostprocessing = 0;
		};
/* End PBXSourcesBuildPhase section */

/* Begin PBXTargetDependency section */
		643A1DA019D2B80100510B89 /* PBXTargetDependency */ = {
			isa = PBXTargetDependency;
			target = 643A1D7E19D2B80100510B89 /* NSFetchedResultsControllerDemo */;
			targetProxy = 643A1D9F19D2B80100510B89 /* PBXContainerItemProxy */;
		};
/* End PBXTargetDependency section */

/* Begin PBXVariantGroup section */
		643A1D8B19D2B80100510B89 /* InfoPlist.strings */ = {
			isa = PBXVariantGroup;
			children = (
				643A1D8C19D2B80100510B89 /* en */,
			);
			name = InfoPlist.strings;
			sourceTree = "<group>";
		};
		643A1DA419D2B80100510B89 /* InfoPlist.strings */ = {
			isa = PBXVariantGroup;
			children = (
				643A1DA519D2B80100510B89 /* en */,
			);
			name = InfoPlist.strings;
			sourceTree = "<group>";
		};
/* End PBXVariantGroup section */

/* Begin XCBuildConfiguration section */
		643A1DA919D2B80100510B89 /* Debug */ = {
			isa = XCBuildConfiguration;
			buildSettings = {
				ALWAYS_SEARCH_USER_PATHS = NO;
				CLANG_CXX_LANGUAGE_STANDARD = "gnu++0x";
				CLANG_CXX_LIBRARY = "libc++";
				CLANG_ENABLE_MODULES = YES;
				CLANG_ENABLE_OBJC_ARC = YES;
				CLANG_WARN_BOOL_CONVERSION = YES;
				CLANG_WARN_CONSTANT_CONVERSION = YES;
				CLANG_WARN_DIRECT_OBJC_ISA_USAGE = YES_ERROR;
				CLANG_WARN_EMPTY_BODY = YES;
				CLANG_WARN_ENUM_CONVERSION = YES;
				CLANG_WARN_INT_CONVERSION = YES;
				CLANG_WARN_OBJC_ROOT_CLASS = YES_ERROR;
				CLANG_WARN__DUPLICATE_METHOD_MATCH = YES;
				"CODE_SIGN_IDENTITY[sdk=iphoneos*]" = "iPhone Developer";
				COPY_PHASE_STRIP = NO;
				GCC_C_LANGUAGE_STANDARD = gnu99;
				GCC_DYNAMIC_NO_PIC = NO;
				GCC_OPTIMIZATION_LEVEL = 0;
				GCC_PREPROCESSOR_DEFINITIONS = (
					"DEBUG=1",
					"$(inherited)",
				);
				GCC_SYMBOLS_PRIVATE_EXTERN = NO;
				GCC_WARN_64_TO_32_BIT_CONVERSION = YES;
				GCC_WARN_ABOUT_RETURN_TYPE = YES_ERROR;
				GCC_WARN_UNDECLARED_SELECTOR = YES;
				GCC_WARN_UNINITIALIZED_AUTOS = YES_AGGRESSIVE;
				GCC_WARN_UNUSED_FUNCTION = YES;
				GCC_WARN_UNUSED_VARIABLE = YES;
				IPHONEOS_DEPLOYMENT_TARGET = 7.1;
				ONLY_ACTIVE_ARCH = YES;
				SDKROOT = iphoneos;
			};
			name = Debug;
		};
		643A1DAA19D2B80100510B89 /* Release */ = {
			isa = XCBuildConfiguration;
			buildSettings = {
				ALWAYS_SEARCH_USER_PATHS = NO;
				CLANG_CXX_LANGUAGE_STANDARD = "gnu++0x";
				CLANG_CXX_LIBRARY = "libc++";
				CLANG_ENABLE_MODULES = YES;
				CLANG_ENABLE_OBJC_ARC = YES;
				CLANG_WARN_BOOL_CONVERSION = YES;
				CLANG_WARN_CONSTANT_CONVERSION = YES;
				CLANG_WARN_DIRECT_OBJC_ISA_USAGE = YES_ERROR;
				CLANG_WARN_EMPTY_BODY = YES;
				CLANG_WARN_ENUM_CONVERSION = YES;
				CLANG_WARN_INT_CONVERSION = YES;
				CLANG_WARN_OBJC_ROOT_CLASS = YES_ERROR;
				CLANG_WARN__DUPLICATE_METHOD_MATCH = YES;
				"CODE_SIGN_IDENTITY[sdk=iphoneos*]" = "iPhone Developer";
				COPY_PHASE_STRIP = YES;
				ENABLE_NS_ASSERTIONS = NO;
				GCC_C_LANGUAGE_STANDARD = gnu99;
				GCC_WARN_64_TO_32_BIT_CONVERSION = YES;
				GCC_WARN_ABOUT_RETURN_TYPE = YES_ERROR;
				GCC_WARN_UNDECLARED_SELECTOR = YES;
				GCC_WARN_UNINITIALIZED_AUTOS = YES_AGGRESSIVE;
				GCC_WARN_UNUSED_FUNCTION = YES;
				GCC_WARN_UNUSED_VARIABLE = YES;
				IPHONEOS_DEPLOYMENT_TARGET = 7.1;
				SDKROOT = iphoneos;
				VALIDATE_PRODUCT = YES;
			};
			name = Release;
		};
		643A1DAC19D2B80100510B89 /* Debug */ = {
			isa = XCBuildConfiguration;
			buildSettings = {
				ASSETCATALOG_COMPILER_APPICON_NAME = AppIcon;
				ASSETCATALOG_COMPILER_LAUNCHIMAGE_NAME = LaunchImage;
				GCC_PRECOMPILE_PREFIX_HEADER = YES;
				GCC_PREFIX_HEADER = "NSFetchedResultsControllerDemo/NSFetchedResultsControllerDemo-Prefix.pch";
				INFOPLIST_FILE = "NSFetchedResultsControllerDemo/NSFetchedResultsControllerDemo-Info.plist";
				PRODUCT_NAME = "$(TARGET_NAME)";
				WRAPPER_EXTENSION = app;
			};
			name = Debug;
		};
		643A1DAD19D2B80100510B89 /* Release */ = {
			isa = XCBuildConfiguration;
			buildSettings = {
				ASSETCATALOG_COMPILER_APPICON_NAME = AppIcon;
				ASSETCATALOG_COMPILER_LAUNCHIMAGE_NAME = LaunchImage;
				GCC_PRECOMPILE_PREFIX_HEADER = YES;
				GCC_PREFIX_HEADER = "NSFetchedResultsControllerDemo/NSFetchedResultsControllerDemo-Prefix.pch";
				INFOPLIST_FILE = "NSFetchedResultsControllerDemo/NSFetchedResultsControllerDemo-Info.plist";
				PRODUCT_NAME = "$(TARGET_NAME)";
				WRAPPER_EXTENSION = app;
			};
			name = Release;
		};
		643A1DAF19D2B80100510B89 /* Debug */ = {
			isa = XCBuildConfiguration;
			buildSettings = {
				BUNDLE_LOADER = "$(BUILT_PRODUCTS_DIR)/NSFetchedResultsControllerDemo.app/NSFetchedResultsControllerDemo";
				FRAMEWORK_SEARCH_PATHS = (
					"$(SDKROOT)/Developer/Library/Frameworks",
					"$(inherited)",
					"$(DEVELOPER_FRAMEWORKS_DIR)",
				);
				GCC_PRECOMPILE_PREFIX_HEADER = YES;
				GCC_PREFIX_HEADER = "NSFetchedResultsControllerDemo/NSFetchedResultsControllerDemo-Prefix.pch";
				GCC_PREPROCESSOR_DEFINITIONS = (
					"DEBUG=1",
					"$(inherited)",
				);
				INFOPLIST_FILE = "NSFetchedResultsControllerDemoTests/NSFetchedResultsControllerDemoTests-Info.plist";
				PRODUCT_NAME = "$(TARGET_NAME)";
				TEST_HOST = "$(BUNDLE_LOADER)";
				WRAPPER_EXTENSION = xctest;
			};
			name = Debug;
		};
		643A1DB019D2B80100510B89 /* Release */ = {
			isa = XCBuildConfiguration;
			buildSettings = {
				BUNDLE_LOADER = "$(BUILT_PRODUCTS_DIR)/NSFetchedResultsControllerDemo.app/NSFetchedResultsControllerDemo";
				FRAMEWORK_SEARCH_PATHS = (
					"$(SDKROOT)/Developer/Library/Frameworks",
					"$(inherited)",
					"$(DEVELOPER_FRAMEWORKS_DIR)",
				);
				GCC_PRECOMPILE_PREFIX_HEADER = YES;
				GCC_PREFIX_HEADER = "NSFetchedResultsControllerDemo/NSFetchedResultsControllerDemo-Prefix.pch";
				INFOPLIST_FILE = "NSFetchedResultsControllerDemoTests/NSFetchedResultsControllerDemoTests-Info.plist";
				PRODUCT_NAME = "$(TARGET_NAME)";
				TEST_HOST = "$(BUNDLE_LOADER)";
				WRAPPER_EXTENSION = xctest;
			};
			name = Release;
		};
/* End XCBuildConfiguration section */

/* Begin XCConfigurationList section */
		643A1D7A19D2B80100510B89 /* Build configuration list for PBXProject "NSFetchedResultsControllerDemo" */ = {
			isa = XCConfigurationList;
			buildConfigurations = (
				643A1DA919D2B80100510B89 /* Debug */,
				643A1DAA19D2B80100510B89 /* Release */,
			);
			defaultConfigurationIsVisible = 0;
			defaultConfigurationName = Release;
		};
		643A1DAB19D2B80100510B89 /* Build configuration list for PBXNativeTarget "NSFetchedResultsControllerDemo" */ = {
			isa = XCConfigurationList;
			buildConfigurations = (
				643A1DAC19D2B80100510B89 /* Debug */,
				643A1DAD19D2B80100510B89 /* Release */,
			);
			defaultConfigurationIsVisible = 0;
			defaultConfigurationName = Release;
		};
		643A1DAE19D2B80100510B89 /* Build configuration list for PBXNativeTarget "NSFetchedResultsControllerDemoTests" */ = {
			isa = XCConfigurationList;
			buildConfigurations = (
				643A1DAF19D2B80100510B89 /* Debug */,
				643A1DB019D2B80100510B89 /* Release */,
			);
			defaultConfigurationIsVisible = 0;
			defaultConfigurationName = Release;
		};
/* End XCConfigurationList section */

/* Begin XCVersionGroup section */
		643A1DB619D2C05000510B89 /* Person.xcdatamodeld */ = {
			isa = XCVersionGroup;
			children = (
				643A1DB719D2C05000510B89 /* Person.xcdatamodel */,
			);
			currentVersion = 643A1DB719D2C05000510B89 /* Person.xcdatamodel */;
			path = Person.xcdatamodeld;
			sourceTree = "<group>";
			versionGroupType = wrapper.xcdatamodel;
		};
/* End XCVersionGroup section */
	};
	rootObject = 643A1D7719D2B80100510B89 /* Project object */;
}
