// !$*UTF8*$!
{
	archiveVersion = 1;
	classes = {
	};
	objectVersion = 46;
	objects = {

/* Begin PBXBuildFile section */
		64E4C66F1BB980C900CCAF64 /* main.m in Sources */ = {isa = PBXBuildFile; fileRef = 64E4C66E1BB980C900CCAF64 /* main.m */; };
		64E4C6721BB980C900CCAF64 /* AppDelegate.m in Sources */ = {isa = PBXBuildFile; fileRef = 64E4C6711BB980C900CCAF64 /* AppDelegate.m */; };
		64E4C6751BB980C900CCAF64 /* ViewController.m in Sources */ = {isa = PBXBuildFile; fileRef = 64E4C6741BB980C900CCAF64 /* ViewController.m */; };
		64E4C6781BB980C900CCAF64 /* Main.storyboard in Resources */ = {isa = PBXBuildFile; fileRef = 64E4C6761BB980C900CCAF64 /* Main.storyboard */; };
		64E4C67A1BB980C900CCAF64 /* Images.xcassets in Resources */ = {isa = PBXBuildFile; fileRef = 64E4C6791BB980C900CCAF64 /* Images.xcassets */; };
		64E4C67D1BB980C900CCAF64 /* LaunchScreen.xib in Resources */ = {isa = PBXBuildFile; fileRef = 64E4C67B1BB980C900CCAF64 /* LaunchScreen.xib */; };
		64E4C6891BB980C900CCAF64 /* CoreDataDemoTests.m in Sources */ = {isa = PBXBuildFile; fileRef = 64E4C6881BB980C900CCAF64 /* CoreDataDemoTests.m */; };
		64E4C6961BB98A9900CCAF64 /* MyImageView.m in Sources */ = {isa = PBXBuildFile; fileRef = 64E4C6951BB98A9900CCAF64 /* MyImageView.m */; };
		64E4C7031BBA42E900CCAF64 /* MyData.xcdatamodeld in Sources */ = {isa = PBXBuildFile; fileRef = 64E4C7011BBA42E900CCAF64 /* MyData.xcdatamodeld */; };
		64E4C7071BBA445C00CCAF64 /* StudentModel.m in Sources */ = {isa = PBXBuildFile; fileRef = 64E4C7061BBA445C00CCAF64 /* StudentModel.m */; };
		64E4C70B1BBA67D400CCAF64 /* CoreDataManager.m in Sources */ = {isa = PBXBuildFile; fileRef = 64E4C70A1BBA67D400CCAF64 /* CoreDataManager.m */; };
/* End PBXBuildFile section */

/* Begin PBXContainerItemProxy section */
		64E4C6831BB980C900CCAF64 /* PBXContainerItemProxy */ = {
			isa = PBXContainerItemProxy;
			containerPortal = 64E4C6611BB980C900CCAF64 /* Project object */;
			proxyType = 1;
			remoteGlobalIDString = 64E4C6681BB980C900CCAF64;
			remoteInfo = CoreDataDemo;
		};
/* End PBXContainerItemProxy section */

/* Begin PBXFileReference section */
		64E4C6691BB980C900CCAF64 /* CoreDataDemo.app */ = {isa = PBXFileReference; explicitFileType = wrapper.application; includeInIndex = 0; path = CoreDataDemo.app; sourceTree = BUILT_PRODUCTS_DIR; };
		64E4C66D1BB980C900CCAF64 /* Info.plist */ = {isa = PBXFileReference; lastKnownFileType = text.plist.xml; path = Info.plist; sourceTree = "<group>"; };
		64E4C66E1BB980C900CCAF64 /* main.m */ = {isa = PBXFileReference; lastKnownFileType = sourcecode.c.objc; path = main.m; sourceTree = "<group>"; };
		64E4C6701BB980C900CCAF64 /* AppDelegate.h */ = {isa = PBXFileReference; lastKnownFileType = sourcecode.c.h; path = AppDelegate.h; sourceTree = "<group>"; };
		64E4C6711BB980C900CCAF64 /* AppDelegate.m */ = {isa = PBXFileReference; lastKnownFileType = sourcecode.c.objc; path = AppDelegate.m; sourceTree = "<group>"; };
		64E4C6731BB980C900CCAF64 /* ViewController.h */ = {isa = PBXFileReference; lastKnownFileType = sourcecode.c.h; path = ViewController.h; sourceTree = "<group>"; };
		64E4C6741BB980C900CCAF64 /* ViewController.m */ = {isa = PBXFileReference; lastKnownFileType = sourcecode.c.objc; path = ViewController.m; sourceTree = "<group>"; };
		64E4C6771BB980C900CCAF64 /* Base */ = {isa = PBXFileReference; lastKnownFileType = file.storyboard; name = Base; path = Base.lproj/Main.storyboard; sourceTree = "<group>"; };
		64E4C6791BB980C900CCAF64 /* Images.xcassets */ = {isa = PBXFileReference; lastKnownFileType = folder.assetcatalog; path = Images.xcassets; sourceTree = "<group>"; };
		64E4C67C1BB980C900CCAF64 /* Base */ = {isa = PBXFileReference; lastKnownFileType = file.xib; name = Base; path = Base.lproj/LaunchScreen.xib; sourceTree = "<group>"; };
		64E4C6821BB980C900CCAF64 /* CoreDataDemoTests.xctest */ = {isa = PBXFileReference; explicitFileType = wrapper.cfbundle; includeInIndex = 0; path = CoreDataDemoTests.xctest; sourceTree = BUILT_PRODUCTS_DIR; };
		64E4C6871BB980C900CCAF64 /* Info.plist */ = {isa = PBXFileReference; lastKnownFileType = text.plist.xml; path = Info.plist; sourceTree = "<group>"; };
		64E4C6881BB980C900CCAF64 /* CoreDataDemoTests.m */ = {isa = PBXFileReference; lastKnownFileType = sourcecode.c.objc; path = CoreDataDemoTests.m; sourceTree = "<group>"; };
		64E4C6941BB98A9900CCAF64 /* MyImageView.h */ = {isa = PBXFileReference; fileEncoding = 4; lastKnownFileType = sourcecode.c.h; path = MyImageView.h; sourceTree = "<group>"; };
		64E4C6951BB98A9900CCAF64 /* MyImageView.m */ = {isa = PBXFileReference; fileEncoding = 4; lastKnownFileType = sourcecode.c.objc; path = MyImageView.m; sourceTree = "<group>"; };
		64E4C7021BBA42E900CCAF64 /* MyData.xcdatamodel */ = {isa = PBXFileReference; lastKnownFileType = wrapper.xcdatamodel; path = MyData.xcdatamodel; sourceTree = "<group>"; };
		64E4C7051BBA445C00CCAF64 /* StudentModel.h */ = {isa = PBXFileReference; fileEncoding = 4; lastKnownFileType = sourcecode.c.h; path = StudentModel.h; sourceTree = "<group>"; };
		64E4C7061BBA445C00CCAF64 /* StudentModel.m */ = {isa = PBXFileReference; fileEncoding = 4; lastKnownFileType = sourcecode.c.objc; path = StudentModel.m; sourceTree = "<group>"; };
		64E4C7091BBA67D400CCAF64 /* CoreDataManager.h */ = {isa = PBXFileReference; fileEncoding = 4; lastKnownFileType = sourcecode.c.h; path = CoreDataManager.h; sourceTree = "<group>"; };
		64E4C70A1BBA67D400CCAF64 /* CoreDataManager.m */ = {isa = PBXFileReference; fileEncoding = 4; lastKnownFileType = sourcecode.c.objc; path = CoreDataManager.m; sourceTree = "<group>"; };
/* End PBXFileReference section */

/* Begin PBXFrameworksBuildPhase section */
		64E4C6661BB980C900CCAF64 /* Frameworks */ = {
			isa = PBXFrameworksBuildPhase;
			buildActionMask = 2147483647;
			files = (
			);
			runOnlyForDeploymentPostprocessing = 0;
		};
		64E4C67F1BB980C900CCAF64 /* Frameworks */ = {
			isa = PBXFrameworksBuildPhase;
			buildActionMask = 2147483647;
			files = (
			);
			runOnlyForDeploymentPostprocessing = 0;
		};
/* End PBXFrameworksBuildPhase section */

/* Begin PBXGroup section */
		64E4C6601BB980C900CCAF64 = {
			isa = PBXGroup;
			children = (
				64E4C66B1BB980C900CCAF64 /* CoreDataDemo */,
				64E4C6851BB980C900CCAF64 /* CoreDataDemoTests */,
				64E4C66A1BB980C900CCAF64 /* Products */,
			);
			sourceTree = "<group>";
		};
		64E4C66A1BB980C900CCAF64 /* Products */ = {
			isa = PBXGroup;
			children = (
				64E4C6691BB980C900CCAF64 /* CoreDataDemo.app */,
				64E4C6821BB980C900CCAF64 /* CoreDataDemoTests.xctest */,
			);
			name = Products;
			sourceTree = "<group>";
		};
		64E4C66B1BB980C900CCAF64 /* CoreDataDemo */ = {
			isa = PBXGroup;
			children = (
				64E4C7081BBA676D00CCAF64 /* CoreDataManager */,
				64E4C7001BBA429400CCAF64 /* ModelFile */,
				64E4C6931BB98A8500CCAF64 /* View */,
				64E4C6921BB98A7E00CCAF64 /* Model */,
				64E4C6701BB980C900CCAF64 /* AppDelegate.h */,
				64E4C6711BB980C900CCAF64 /* AppDelegate.m */,
				64E4C6731BB980C900CCAF64 /* ViewController.h */,
				64E4C6741BB980C900CCAF64 /* ViewController.m */,
				64E4C6761BB980C900CCAF64 /* Main.storyboard */,
				64E4C6791BB980C900CCAF64 /* Images.xcassets */,
				64E4C67B1BB980C900CCAF64 /* LaunchScreen.xib */,
				64E4C66C1BB980C900CCAF64 /* Supporting Files */,
			);
			path = CoreDataDemo;
			sourceTree = "<group>";
		};
		64E4C66C1BB980C900CCAF64 /* Supporting Files */ = {
			isa = PBXGroup;
			children = (
				64E4C66D1BB980C900CCAF64 /* Info.plist */,
				64E4C66E1BB980C900CCAF64 /* main.m */,
			);
			name = "Supporting Files";
			sourceTree = "<group>";
		};
		64E4C6851BB980C900CCAF64 /* CoreDataDemoTests */ = {
			isa = PBXGroup;
			children = (
				64E4C6881BB980C900CCAF64 /* CoreDataDemoTests.m */,
				64E4C6861BB980C900CCAF64 /* Supporting Files */,
			);
			path = CoreDataDemoTests;
			sourceTree = "<group>";
		};
		64E4C6861BB980C900CCAF64 /* Supporting Files */ = {
			isa = PBXGroup;
			children = (
				64E4C6871BB980C900CCAF64 /* Info.plist */,
			);
			name = "Supporting Files";
			sourceTree = "<group>";
		};
		64E4C6921BB98A7E00CCAF64 /* Model */ = {
			isa = PBXGroup;
			children = (
				64E4C7051BBA445C00CCAF64 /* StudentModel.h */,
				64E4C7061BBA445C00CCAF64 /* StudentModel.m */,
			);
			name = Model;
			sourceTree = "<group>";
		};
		64E4C6931BB98A8500CCAF64 /* View */ = {
			isa = PBXGroup;
			children = (
				64E4C6941BB98A9900CCAF64 /* MyImageView.h */,
				64E4C6951BB98A9900CCAF64 /* MyImageView.m */,
			);
			name = View;
			sourceTree = "<group>";
		};
		64E4C7001BBA429400CCAF64 /* ModelFile */ = {
			isa = PBXGroup;
			children = (
				64E4C7011BBA42E900CCAF64 /* MyData.xcdatamodeld */,
			);
			name = ModelFile;
			sourceTree = "<group>";
		};
		64E4C7081BBA676D00CCAF64 /* CoreDataManager */ = {
			isa = PBXGroup;
			children = (
				64E4C7091BBA67D400CCAF64 /* CoreDataManager.h */,
				64E4C70A1BBA67D400CCAF64 /* CoreDataManager.m */,
			);
			name = CoreDataManager;
			sourceTree = "<group>";
		};
/* End PBXGroup section */

/* Begin PBXNativeTarget section */
		64E4C6681BB980C900CCAF64 /* CoreDataDemo */ = {
			isa = PBXNativeTarget;
			buildConfigurationList = 64E4C68C1BB980C900CCAF64 /* Build configuration list for PBXNativeTarget "CoreDataDemo" */;
			buildPhases = (
				64E4C6651BB980C900CCAF64 /* Sources */,
				64E4C6661BB980C900CCAF64 /* Frameworks */,
				64E4C6671BB980C900CCAF64 /* Resources */,
			);
			buildRules = (
			);
			dependencies = (
			);
			name = CoreDataDemo;
			productName = CoreDataDemo;
			productReference = 64E4C6691BB980C900CCAF64 /* CoreDataDemo.app */;
			productType = "com.apple.product-type.application";
		};
		64E4C6811BB980C900CCAF64 /* CoreDataDemoTests */ = {
			isa = PBXNativeTarget;
			buildConfigurationList = 64E4C68F1BB980C900CCAF64 /* Build configuration list for PBXNativeTarget "CoreDataDemoTests" */;
			buildPhases = (
				64E4C67E1BB980C900CCAF64 /* Sources */,
				64E4C67F1BB980C900CCAF64 /* Frameworks */,
				64E4C6801BB980C900CCAF64 /* Resources */,
			);
			buildRules = (
			);
			dependencies = (
				64E4C6841BB980C900CCAF64 /* PBXTargetDependency */,
			);
			name = CoreDataDemoTests;
			productName = CoreDataDemoTests;
			productReference = 64E4C6821BB980C900CCAF64 /* CoreDataDemoTests.xctest */;
			productType = "com.apple.product-type.bundle.unit-test";
		};
/* End PBXNativeTarget section */

/* Begin PBXProject section */
		64E4C6611BB980C900CCAF64 /* Project object */ = {
			isa = PBXProject;
			attributes = {
				LastUpgradeCheck = 0640;
				ORGANIZATIONNAME = lzxuan;
				TargetAttributes = {
					64E4C6681BB980C900CCAF64 = {
						CreatedOnToolsVersion = 6.4;
					};
					64E4C6811BB980C900CCAF64 = {
						CreatedOnToolsVersion = 6.4;
						TestTargetID = 64E4C6681BB980C900CCAF64;
					};
				};
			};
			buildConfigurationList = 64E4C6641BB980C900CCAF64 /* Build configuration list for PBXProject "CoreDataDemo" */;
			compatibilityVersion = "Xcode 3.2";
			developmentRegion = English;
			hasScannedForEncodings = 0;
			knownRegions = (
				en,
				Base,
			);
			mainGroup = 64E4C6601BB980C900CCAF64;
			productRefGroup = 64E4C66A1BB980C900CCAF64 /* Products */;
			projectDirPath = "";
			projectRoot = "";
			targets = (
				64E4C6681BB980C900CCAF64 /* CoreDataDemo */,
				64E4C6811BB980C900CCAF64 /* CoreDataDemoTests */,
			);
		};
/* End PBXProject section */

/* Begin PBXResourcesBuildPhase section */
		64E4C6671BB980C900CCAF64 /* Resources */ = {
			isa = PBXResourcesBuildPhase;
			buildActionMask = 2147483647;
			files = (
				64E4C6781BB980C900CCAF64 /* Main.storyboard in Resources */,
				64E4C67D1BB980C900CCAF64 /* LaunchScreen.xib in Resources */,
				64E4C67A1BB980C900CCAF64 /* Images.xcassets in Resources */,
			);
			runOnlyForDeploymentPostprocessing = 0;
		};
		64E4C6801BB980C900CCAF64 /* Resources */ = {
			isa = PBXResourcesBuildPhase;
			buildActionMask = 2147483647;
			files = (
			);
			runOnlyForDeploymentPostprocessing = 0;
		};
/* End PBXResourcesBuildPhase section */

/* Begin PBXSourcesBuildPhase section */
		64E4C6651BB980C900CCAF64 /* Sources */ = {
			isa = PBXSourcesBuildPhase;
			buildActionMask = 2147483647;
			files = (
				64E4C6961BB98A9900CCAF64 /* MyImageView.m in Sources */,
				64E4C70B1BBA67D400CCAF64 /* CoreDataManager.m in Sources */,
				64E4C7071BBA445C00CCAF64 /* StudentModel.m in Sources */,
				64E4C6751BB980C900CCAF64 /* ViewController.m in Sources */,
				64E4C6721BB980C900CCAF64 /* AppDelegate.m in Sources */,
				64E4C66F1BB980C900CCAF64 /* main.m in Sources */,
				64E4C7031BBA42E900CCAF64 /* MyData.xcdatamodeld in Sources */,
			);
			runOnlyForDeploymentPostprocessing = 0;
		};
		64E4C67E1BB980C900CCAF64 /* Sources */ = {
			isa = PBXSourcesBuildPhase;
			buildActionMask = 2147483647;
			files = (
				64E4C6891BB980C900CCAF64 /* CoreDataDemoTests.m in Sources */,
			);
			runOnlyForDeploymentPostprocessing = 0;
		};
/* End PBXSourcesBuildPhase section */

/* Begin PBXTargetDependency section */
		64E4C6841BB980C900CCAF64 /* PBXTargetDependency */ = {
			isa = PBXTargetDependency;
			target = 64E4C6681BB980C900CCAF64 /* CoreDataDemo */;
			targetProxy = 64E4C6831BB980C900CCAF64 /* PBXContainerItemProxy */;
		};
/* End PBXTargetDependency section */

/* Begin PBXVariantGroup section */
		64E4C6761BB980C900CCAF64 /* Main.storyboard */ = {
			isa = PBXVariantGroup;
			children = (
				64E4C6771BB980C900CCAF64 /* Base */,
			);
			name = Main.storyboard;
			sourceTree = "<group>";
		};
		64E4C67B1BB980C900CCAF64 /* LaunchScreen.xib */ = {
			isa = PBXVariantGroup;
			children = (
				64E4C67C1BB980C900CCAF64 /* Base */,
			);
			name = LaunchScreen.xib;
			sourceTree = "<group>";
		};
/* End PBXVariantGroup section */

/* Begin XCBuildConfiguration section */
		64E4C68A1BB980C900CCAF64 /* Debug */ = {
			isa = XCBuildConfiguration;
			buildSettings = {
				ALWAYS_SEARCH_USER_PATHS = NO;
				CLANG_CXX_LANGUAGE_STANDARD = "gnu++0x";
				CLANG_CXX_LIBRARY = "libc++";
				CLANG_ENABLE_MODULES = YES;
				CLANG_ENABLE_OBJC_ARC = YES;
				CLANG_WARN_BOOL_CONVERSION = YES;
				CLANG_WARN_CONSTANT_CONVERSION = YES;
				CLANG_WARN_DIRECT_OBJC_ISA_USAGE = YES_ERROR;
				CLANG_WARN_EMPTY_BODY = YES;
				CLANG_WARN_ENUM_CONVERSION = YES;
				CLANG_WARN_INT_CONVERSION = YES;
				CLANG_WARN_OBJC_ROOT_CLASS = YES_ERROR;
				CLANG_WARN_UNREACHABLE_CODE = YES;
				CLANG_WARN__DUPLICATE_METHOD_MATCH = YES;
				"CODE_SIGN_IDENTITY[sdk=iphoneos*]" = "iPhone Developer";
				COPY_PHASE_STRIP = NO;
				DEBUG_INFORMATION_FORMAT = "dwarf-with-dsym";
				ENABLE_STRICT_OBJC_MSGSEND = YES;
				GCC_C_LANGUAGE_STANDARD = gnu99;
				GCC_DYNAMIC_NO_PIC = NO;
				GCC_NO_COMMON_BLOCKS = YES;
				GCC_OPTIMIZATION_LEVEL = 0;
				GCC_PREPROCESSOR_DEFINITIONS = (
					"DEBUG=1",
					"$(inherited)",
				);
				GCC_SYMBOLS_PRIVATE_EXTERN = NO;
				GCC_WARN_64_TO_32_BIT_CONVERSION = YES;
				GCC_WARN_ABOUT_RETURN_TYPE = YES_ERROR;
				GCC_WARN_UNDECLARED_SELECTOR = YES;
				GCC_WARN_UNINITIALIZED_AUTOS = YES_AGGRESSIVE;
				GCC_WARN_UNUSED_FUNCTION = YES;
				GCC_WARN_UNUSED_VARIABLE = YES;
				IPHONEOS_DEPLOYMENT_TARGET = 8.4;
				MTL_ENABLE_DEBUG_INFO = YES;
				ONLY_ACTIVE_ARCH = YES;
				SDKROOT = iphoneos;
			};
			name = Debug;
		};
		64E4C68B1BB980C900CCAF64 /* Release */ = {
			isa = XCBuildConfiguration;
			buildSettings = {
				ALWAYS_SEARCH_USER_PATHS = NO;
				CLANG_CXX_LANGUAGE_STANDARD = "gnu++0x";
				CLANG_CXX_LIBRARY = "libc++";
				CLANG_ENABLE_MODULES = YES;
				CLANG_ENABLE_OBJC_ARC = YES;
				CLANG_WARN_BOOL_CONVERSION = YES;
				CLANG_WARN_CONSTANT_CONVERSION = YES;
				CLANG_WARN_DIRECT_OBJC_ISA_USAGE = YES_ERROR;
				CLANG_WARN_EMPTY_BODY = YES;
				CLANG_WARN_ENUM_CONVERSION = YES;
				CLANG_WARN_INT_CONVERSION = YES;
				CLANG_WARN_OBJC_ROOT_CLASS = YES_ERROR;
				CLANG_WARN_UNREACHABLE_CODE = YES;
				CLANG_WARN__DUPLICATE_METHOD_MATCH = YES;
				"CODE_SIGN_IDENTITY[sdk=iphoneos*]" = "iPhone Developer";
				COPY_PHASE_STRIP = NO;
				DEBUG_INFORMATION_FORMAT = "dwarf-with-dsym";
				ENABLE_NS_ASSERTIONS = NO;
				ENABLE_STRICT_OBJC_MSGSEND = YES;
				GCC_C_LANGUAGE_STANDARD = gnu99;
				GCC_NO_COMMON_BLOCKS = YES;
				GCC_WARN_64_TO_32_BIT_CONVERSION = YES;
				GCC_WARN_ABOUT_RETURN_TYPE = YES_ERROR;
				GCC_WARN_UNDECLARED_SELECTOR = YES;
				GCC_WARN_UNINITIALIZED_AUTOS = YES_AGGRESSIVE;
				GCC_WARN_UNUSED_FUNCTION = YES;
				GCC_WARN_UNUSED_VARIABLE = YES;
				IPHONEOS_DEPLOYMENT_TARGET = 8.4;
				MTL_ENABLE_DEBUG_INFO = NO;
				SDKROOT = iphoneos;
				VALIDATE_PRODUCT = YES;
			};
			name = Release;
		};
		64E4C68D1BB980C900CCAF64 /* Debug */ = {
			isa = XCBuildConfiguration;
			buildSettings = {
				ASSETCATALOG_COMPILER_APPICON_NAME = AppIcon;
				INFOPLIST_FILE = CoreDataDemo/Info.plist;
				LD_RUNPATH_SEARCH_PATHS = "$(inherited) @executable_path/Frameworks";
				PRODUCT_NAME = "$(TARGET_NAME)";
			};
			name = Debug;
		};
		64E4C68E1BB980C900CCAF64 /* Release */ = {
			isa = XCBuildConfiguration;
			buildSettings = {
				ASSETCATALOG_COMPILER_APPICON_NAME = AppIcon;
				INFOPLIST_FILE = CoreDataDemo/Info.plist;
				LD_RUNPATH_SEARCH_PATHS = "$(inherited) @executable_path/Frameworks";
				PRODUCT_NAME = "$(TARGET_NAME)";
			};
			name = Release;
		};
		64E4C6901BB980C900CCAF64 /* Debug */ = {
			isa = XCBuildConfiguration;
			buildSettings = {
				BUNDLE_LOADER = "$(TEST_HOST)";
				FRAMEWORK_SEARCH_PATHS = (
					"$(SDKROOT)/Developer/Library/Frameworks",
					"$(inherited)",
				);
				GCC_PREPROCESSOR_DEFINITIONS = (
					"DEBUG=1",
					"$(inherited)",
				);
				INFOPLIST_FILE = CoreDataDemoTests/Info.plist;
				LD_RUNPATH_SEARCH_PATHS = "$(inherited) @executable_path/Frameworks @loader_path/Frameworks";
				PRODUCT_NAME = "$(TARGET_NAME)";
				TEST_HOST = "$(BUILT_PRODUCTS_DIR)/CoreDataDemo.app/CoreDataDemo";
			};
			name = Debug;
		};
		64E4C6911BB980C900CCAF64 /* Release */ = {
			isa = XCBuildConfiguration;
			buildSettings = {
				BUNDLE_LOADER = "$(TEST_HOST)";
				FRAMEWORK_SEARCH_PATHS = (
					"$(SDKROOT)/Developer/Library/Frameworks",
					"$(inherited)",
				);
				INFOPLIST_FILE = CoreDataDemoTests/Info.plist;
				LD_RUNPATH_SEARCH_PATHS = "$(inherited) @executable_path/Frameworks @loader_path/Frameworks";
				PRODUCT_NAME = "$(TARGET_NAME)";
				TEST_HOST = "$(BUILT_PRODUCTS_DIR)/CoreDataDemo.app/CoreDataDemo";
			};
			name = Release;
		};
/* End XCBuildConfiguration section */

/* Begin XCConfigurationList section */
		64E4C6641BB980C900CCAF64 /* Build configuration list for PBXProject "CoreDataDemo" */ = {
			isa = XCConfigurationList;
			buildConfigurations = (
				64E4C68A1BB980C900CCAF64 /* Debug */,
				64E4C68B1BB980C900CCAF64 /* Release */,
			);
			defaultConfigurationIsVisible = 0;
			defaultConfigurationName = Release;
		};
		64E4C68C1BB980C900CCAF64 /* Build configuration list for PBXNativeTarget "CoreDataDemo" */ = {
			isa = XCConfigurationList;
			buildConfigurations = (
				64E4C68D1BB980C900CCAF64 /* Debug */,
				64E4C68E1BB980C900CCAF64 /* Release */,
			);
			defaultConfigurationIsVisible = 0;
			defaultConfigurationName = Release;
		};
		64E4C68F1BB980C900CCAF64 /* Build configuration list for PBXNativeTarget "CoreDataDemoTests" */ = {
			isa = XCConfigurationList;
			buildConfigurations = (
				64E4C6901BB980C900CCAF64 /* Debug */,
				64E4C6911BB980C900CCAF64 /* Release */,
			);
			defaultConfigurationIsVisible = 0;
			defaultConfigurationName = Release;
		};
/* End XCConfigurationList section */

/* Begin XCVersionGroup section */
		64E4C7011BBA42E900CCAF64 /* MyData.xcdatamodeld */ = {
			isa = XCVersionGroup;
			children = (
				64E4C7021BBA42E900CCAF64 /* MyData.xcdatamodel */,
			);
			currentVersion = 64E4C7021BBA42E900CCAF64 /* MyData.xcdatamodel */;
			path = MyData.xcdatamodeld;
			sourceTree = "<group>";
			versionGroupType = wrapper.xcdatamodel;
		};
/* End XCVersionGroup section */
	};
	rootObject = 64E4C6611BB980C900CCAF64 /* Project object */;
}
